
Microsoft Visual Studio Solution File, Format Version 12.00
# Visual Studio 14
VisualStudioVersion = 14.0.25420.1
MinimumVisualStudioVersion = 10.0.40219.1
Project("{FAE04EC0-301F-11D3-BF4B-00C04F79EFBC}") = "INFShop.Common", "INFShop.Common\INFShop.Common.csproj", "{DD5EBABC-5B85-4797-B004-1D633635106F}"
EndProject
Project("{FAE04EC0-301F-11D3-BF4B-00C04F79EFBC}") = "INFShop.Data", "INFShop.Data\INFShop.Data.csproj", "{5FB3F6D2-8B9D-4CE9-9827-1B3143E7C577}"
EndProject
Project("{FAE04EC0-301F-11D3-BF4B-00C04F79EFBC}") = "INFShop.Model", "INFShop.Model\INFShop.Model.csproj", "{34CCFE67-E503-4A1B-9103-152FF16C67B4}"
EndProject
Project("{FAE04EC0-301F-11D3-BF4B-00C04F79EFBC}") = "INFShop.Service", "INFShop.Service\INFShop.Service.csproj", "{77398E7C-0CAB-41C3-A278-C50AE88169E2}"
EndProject
Project("{FAE04EC0-301F-11D3-BF4B-00C04F79EFBC}") = "INFShop.UnitTest", "INFShop.UnitTest\INFShop.UnitTest.csproj", "{460329F4-84F4-408A-8705-0ED4B2E09B39}"
EndProject
Project("{FAE04EC0-301F-11D3-BF4B-00C04F79EFBC}") = "INFShop.Web", "INFShop.Web\INFShop.Web.csproj", "{0DAC2753-9694-4FB4-A7F6-425E0F122E20}"
EndProject
Global
	GlobalSection(SolutionConfigurationPlatforms) = preSolution
		Debug|Any CPU = Debug|Any CPU
		Release|Any CPU = Release|Any CPU
	EndGlobalSection
	GlobalSection(ProjectConfigurationPlatforms) = postSolution
		{DD5EBABC-5B85-4797-B004-1D633635106F}.Debug|Any CPU.ActiveCfg = Debug|Any CPU
		{DD5EBABC-5B85-4797-B004-1D633635106F}.Debug|Any CPU.Build.0 = Debug|Any CPU
		{DD5EBABC-5B85-4797-B004-1D633635106F}.Release|Any CPU.ActiveCfg = Release|Any CPU
		{DD5EBABC-5B85-4797-B004-1D633635106F}.Release|Any CPU.Build.0 = Release|Any CPU
		{5FB3F6D2-8B9D-4CE9-9827-1B3143E7C577}.Debug|Any CPU.ActiveCfg = Debug|Any CPU
		{5FB3F6D2-8B9D-4CE9-9827-1B3143E7C577}.Debug|Any CPU.Build.0 = Debug|Any CPU
		{5FB3F6D2-8B9D-4CE9-9827-1B3143E7C577}.Release|Any CPU.ActiveCfg = Release|Any CPU
		{5FB3F6D2-8B9D-4CE9-9827-1B3143E7C577}.Release|Any CPU.Build.0 = Release|Any CPU
		{34CCFE67-E503-4A1B-9103-152FF16C67B4}.Debug|Any CPU.ActiveCfg = Debug|Any CPU
		{34CCFE67-E503-4A1B-9103-152FF16C67B4}.Debug|Any CPU.Build.0 = Debug|Any CPU
		{34CCFE67-E503-4A1B-9103-152FF16C67B4}.Release|Any CPU.ActiveCfg = Release|Any CPU
		{34CCFE67-E503-4A1B-9103-152FF16C67B4}.Release|Any CPU.Build.0 = Release|Any CPU
		{77398E7C-0CAB-41C3-A278-C50AE88169E2}.Debug|Any CPU.ActiveCfg = Debug|Any CPU
		{77398E7C-0CAB-41C3-A278-C50AE88169E2}.Debug|Any CPU.Build.0 = Debug|Any CPU
		{77398E7C-0CAB-41C3-A278-C50AE88169E2}.Release|Any CPU.ActiveCfg = Release|Any CPU
		{77398E7C-0CAB-41C3-A278-C50AE88169E2}.Release|Any CPU.Build.0 = Release|Any CPU
		{460329F4-84F4-408A-8705-0ED4B2E09B39}.Debug|Any CPU.ActiveCfg = Debug|Any CPU
		{460329F4-84F4-408A-8705-0ED4B2E09B39}.Debug|Any CPU.Build.0 = Debug|Any CPU
		{460329F4-84F4-408A-8705-0ED4B2E09B39}.Release|Any CPU.ActiveCfg = Release|Any CPU
		{460329F4-84F4-408A-8705-0ED4B2E09B39}.Release|Any CPU.Build.0 = Release|Any CPU
		{0DAC2753-9694-4FB4-A7F6-425E0F122E20}.Debug|Any CPU.ActiveCfg = Debug|Any CPU
		{0DAC2753-9694-4FB4-A7F6-425E0F122E20}.Debug|Any CPU.Build.0 = Debug|Any CPU
		{0DAC2753-9694-4FB4-A7F6-425E0F122E20}.Release|Any CPU.ActiveCfg = Release|Any CPU
		{0DAC2753-9694-4FB4-A7F6-425E0F122E20}.Release|Any CPU.Build.0 = Release|Any CPU
	EndGlobalSection
	GlobalSection(SolutionProperties) = preSolution
		HideSolutionNode = FALSE
	EndGlobalSection
EndGlobal
